
Microsoft Visual Studio Solution File, Format Version 12.00
# Visual Studio Version 16
VisualStudioVersion = 16.0.31005.135
MinimumVisualStudioVersion = 10.0.40219.1
Project("{FAE04EC0-301F-11D3-BF4B-00C04F79EFBC}") = "Blog_backend", "Blog_backend\Blog_backend.csproj", "{886E613C-5908-4EA7-A284-7C6EA48728FB}"
EndProject
Global
	GlobalSection(SolutionConfigurationPlatforms) = preSolution
		Debug|Any CPU = Debug|Any CPU
		Release|Any CPU = Release|Any CPU
	EndGlobalSection
	GlobalSection(ProjectConfigurationPlatforms) = postSolution
		{886E613C-5908-4EA7-A284-7C6EA48728FB}.Debug|Any CPU.ActiveCfg = Debug|Any CPU
		{886E613C-5908-4EA7-A284-7C6EA48728FB}.Debug|Any CPU.Build.0 = Debug|Any CPU
		{886E613C-5908-4EA7-A284-7C6EA48728FB}.Release|Any CPU.ActiveCfg = Release|Any CPU
		{886E613C-5908-4EA7-A284-7C6EA48728FB}.Release|Any CPU.Build.0 = Release|Any CPU
	EndGlobalSection
	GlobalSection(SolutionProperties) = preSolution
		HideSolutionNode = FALSE
	EndGlobalSection
	GlobalSection(ExtensibilityGlobals) = postSolution
		SolutionGuid = {B0E882B4-7118-4CDF-AD26-1C7DCF05518A}
	EndGlobalSection
EndGlobal
